{
  "name": "TeaHarmony",
  "lockfileVersion": 3,
  "requires": true,
  "packages": {
    "": {
      "dependencies": {
        "split-text": "^1.0.0"
      }
    },
    "node_modules/split-text": {
      "version": "1.0.0",
      "resolved": "https://registry.npmjs.org/split-text/-/split-text-1.0.0.tgz",
      "integrity": "sha512-uUKOFGpdt4/rrrBSmLugVbGmHaD7Ex4FcqIEXQRwlnxnDN+pL21Rx2lTgA3CSM8JE6EZPL4ZeEJp1ntzBsnc6Q==",
      "engines": {
        "node": ">=0.10.0"
      }
    }
  }
}
